<?xml version="1.0" encoding="utf-8"?>
<Project ToolsVersion="4.0" xmlns="http://schemas.microsoft.com/developer/msbuild/2003">
  <ItemGroup>
    <Filter Include="Source Files">
      <UniqueIdentifier>{4FC737F1-C7A5-4376-A066-2A32D752A2FF}</UniqueIdentifier>
      <Extensions>cpp;c;cc;cxx;def;odl;idl;hpj;bat;asm;asmx</Extensions>
    </Filter>
    <Filter Include="Header Files">
      <UniqueIdentifier>{93995380-89BD-4b04-88EB-625FBE52EBFB}</UniqueIdentifier>
      <Extensions>h;hh;hpp;hxx;hm;inl;inc;xsd</Extensions>
    </Filter>
    <Filter Include="Resource Files">
      <UniqueIdentifier>{67DA6AB6-F800-4c08-8B7A-83BB121AAD01}</UniqueIdentifier>
      <Extensions>rc;ico;cur;bmp;dlg;rc2;rct;bin;rgs;gif;jpg;jpeg;jpe;resx;tiff;tif;png;wav;mfcribbon-ms</Extensions>
    </Filter>
    <Filter Include="GUI">
      <UniqueIdentifier>{0a01de13-24b1-4434-b997-6026c1b88e84}</UniqueIdentifier>
    </Filter>
  </ItemGroup>
  <ItemGroup>
    <Text Include="ReadMe.txt" />
  </ItemGroup>
  <ItemGroup>
    <ClInclude Include="stdafx.h">
      <Filter>Header Files</Filter>
    </ClInclude>
    <ClInclude Include="targetver.h">
      <Filter>Header Files</Filter>
    </ClInclude>
    <ClInclude Include="Option.h">
      <Filter>Header Files</Filter>
    </ClInclude>
    <ClInclude Include="GUI\GuiBaseRect.h">
      <Filter>GUI</Filter>
    </ClInclude>
    <ClInclude Include="GUI\Gui2DRect.h">
      <Filter>GUI</Filter>
    </ClInclude>
    <ClInclude Include="Context\MainMenu.h">
      <Filter>Header Files</Filter>
    </ClInclude>
    <ClInclude Include="Shaders\Shader.h">
      <Filter>Header Files</Filter>
    </ClInclude>
    <ClInclude Include="Event\Mousse_Event.h">
      <Filter>Header Files</Filter>
    </ClInclude>
    <ClInclude Include="GUI\GuiTextureRect.h">
      <Filter>Header Files</Filter>
    </ClInclude>
    <ClInclude Include="graphics\texture\Texture.h">
      <Filter>Header Files</Filter>
    </ClInclude>
    <ClInclude Include="Context\ContextManager.h">
      <Filter>Header Files</Filter>
    </ClInclude>
    <ClInclude Include="Context\Context.h">
      <Filter>Header Files</Filter>
    </ClInclude>
    <ClInclude Include="GUI\Font\FontManager.h">
      <Filter>Header Files</Filter>
    </ClInclude>
    <ClInclude Include="GUI\Font\DisplayText.h">
      <Filter>Header Files</Filter>
    </ClInclude>
    <ClInclude Include="3DGameObject\C3DObject.h">
      <Filter>Header Files</Filter>
    </ClInclude>
    <ClInclude Include="3DGameObject\StaticObject.h">
      <Filter>Header Files</Filter>
    </ClInclude>
    <ClInclude Include="Context\Game\GameContext.h">
      <Filter>Header Files</Filter>
    </ClInclude>
    <ClInclude Include="Camera\Camera.h">
      <Filter>Header Files</Filter>
    </ClInclude>
    <ClInclude Include="Shaders\ShaderManager.h">
      <Filter>Header Files</Filter>
    </ClInclude>
    <ClInclude Include="Shaders\ShaderSource\C3DObjectShaders.h">
      <Filter>Header Files</Filter>
    </ClInclude>
    <ClInclude Include="Context\ObjectEditor\EditorLandScreen.h">
      <Filter>Header Files</Filter>
    </ClInclude>
    <ClInclude Include="GUI\Layout\Vertical_layout.h">
      <Filter>Header Files</Filter>
    </ClInclude>
    <ClInclude Include="GUI\Layout\Horizontal_layout.h">
      <Filter>Header Files</Filter>
    </ClInclude>
    <ClInclude Include="Context\3DContext.h">
      <Filter>Header Files</Filter>
    </ClInclude>
    <ClInclude Include="Context\ObjectEditor\3DAssetEditor.h">
      <Filter>Header Files</Filter>
    </ClInclude>
    <ClInclude Include="GUI\GUI_Style.h">
      <Filter>Header Files</Filter>
    </ClInclude>
    <ClInclude Include="Context\ObjectEditor\Importer\Importer_Obj.h">
      <Filter>Header Files</Filter>
    </ClInclude>
    <ClInclude Include="graphics\Material.h">
      <Filter>Header Files</Filter>
    </ClInclude>
    <ClInclude Include="Render\FinalRenderPass.h">
      <Filter>Header Files</Filter>
    </ClInclude>
    <ClInclude Include="GUI\CommonGUIheader.h">
      <Filter>Header Files</Filter>
    </ClInclude>
    <ClInclude Include="3DGameObject\GameEntity.h">
      <Filter>Header Files</Filter>
    </ClInclude>
    <ClInclude Include="GUI\GuiWindow.h">
      <Filter>Header Files</Filter>
    </ClInclude>
    <ClInclude Include="3DGameObject\GameEntityCategory.h">
      <Filter>Header Files</Filter>
    </ClInclude>
    <ClInclude Include="GUI\Layout\EmptySlot.h">
      <Filter>Header Files</Filter>
    </ClInclude>
    <ClInclude Include="Event\EventTarget.h">
      <Filter>Header Files</Filter>
    </ClInclude>
    <ClInclude Include="Terrain\Terrain.h">
      <Filter>Header Files</Filter>
    </ClInclude>
    <ClInclude Include="Context\TerrainEditor\TerrainEditor.h">
      <Filter>Header Files</Filter>
    </ClInclude>
    <ClInclude Include="GUI\Widget\BarButton.h">
      <Filter>Header Files</Filter>
    </ClInclude>
    <ClInclude Include="Terrain\TerrainCells.h">
      <Filter>Header Files</Filter>
    </ClInclude>
    <ClInclude Include="Shaders\ShaderSource\CTerrainShaders.h">
      <Filter>Header Files</Filter>
    </ClInclude>
    <ClInclude Include="Terrain\ControlPoint.h">
      <Filter>Header Files</Filter>
    </ClInclude>
    <ClInclude Include="Terrain\TerrainCurve.h">
      <Filter>Header Files</Filter>
    </ClInclude>
    <ClInclude Include="Terrain\Modeling\ControlPoint.h">
      <Filter>Header Files</Filter>
    </ClInclude>
    <ClInclude Include="Terrain\Modeling\TerrainCurve.h">
      <Filter>Header Files</Filter>
    </ClInclude>
    <ClInclude Include="Shaders\ShaderSource\CControlPointShader.h">
      <Filter>Header Files</Filter>
    </ClInclude>
    <ClInclude Include="Shaders\ShaderSource\CCurveShader.h">
      <Filter>Header Files</Filter>
    </ClInclude>
    <ClInclude Include="Utilities\Axis.h">
      <Filter>Header Files</Filter>
    </ClInclude>
    <ClInclude Include="Utilities\MovableObject.h">
      <Filter>Header Files</Filter>
    </ClInclude>
    <ClInclude Include="Mesh\VertexFormat.h">
      <Filter>Header Files</Filter>
    </ClInclude>
    <ClInclude Include="Shaders\ShaderSource\CTerrainCells_Heightmap_Shaders.h">
      <Filter>Header Files</Filter>
    </ClInclude>
    <ClInclude Include="Shaders\ShaderSource\CAxis_Shader.h">
      <Filter>Header Files</Filter>
    </ClInclude>
  </ItemGroup>
  <ItemGroup>
    <ClCompile Include="stdafx.cpp">
      <Filter>Source Files</Filter>
    </ClCompile>
    <ClCompile Include="YetAnotherCityGame.cpp">
      <Filter>Source Files</Filter>
    </ClCompile>
    <ClCompile Include="Option.cpp">
      <Filter>Source Files</Filter>
    </ClCompile>
    <ClCompile Include="GUI\GuiBaseRect.cpp">
      <Filter>GUI</Filter>
    </ClCompile>
    <ClCompile Include="GUI\Gui2DRect.cpp">
      <Filter>GUI</Filter>
    </ClCompile>
    <ClCompile Include="Context\MainMenu.cpp">
      <Filter>Source Files</Filter>
    </ClCompile>
    <ClCompile Include="Shaders\Shader.cpp">
      <Filter>Source Files</Filter>
    </ClCompile>
    <ClCompile Include="GUI\GuiTextureRect.cpp">
      <Filter>Source Files</Filter>
    </ClCompile>
    <ClCompile Include="graphics\texture\Texture.cpp">
      <Filter>Source Files</Filter>
    </ClCompile>
    <ClCompile Include="Context\ContextManager.cpp">
      <Filter>Source Files</Filter>
    </ClCompile>
    <ClCompile Include="Context\Context.cpp">
      <Filter>Source Files</Filter>
    </ClCompile>
    <ClCompile Include="GUI\Font\FontManager.cpp">
      <Filter>Source Files</Filter>
    </ClCompile>
    <ClCompile Include="GUI\Font\DisplayText.cpp">
      <Filter>Source Files</Filter>
    </ClCompile>
    <ClCompile Include="3DGameObject\C3DObject.cpp">
      <Filter>Source Files</Filter>
    </ClCompile>
    <ClCompile Include="3DGameObject\StaticObject.cpp">
      <Filter>Source Files</Filter>
    </ClCompile>
    <ClCompile Include="Context\Game\GameContext.cpp">
      <Filter>Source Files</Filter>
    </ClCompile>
    <ClCompile Include="Camera\Camera.cpp">
      <Filter>Source Files</Filter>
    </ClCompile>
    <ClCompile Include="Shaders\ShaderManager.cpp">
      <Filter>Source Files</Filter>
    </ClCompile>
    <ClCompile Include="Context\ObjectEditor\EditorLandScreen.cpp">
      <Filter>Source Files</Filter>
    </ClCompile>
    <ClCompile Include="GUI\Layout\Vertical_layout.cpp">
      <Filter>Source Files</Filter>
    </ClCompile>
    <ClCompile Include="GUI\Layout\Horizontal_layout.cpp">
      <Filter>Source Files</Filter>
    </ClCompile>
    <ClCompile Include="Context\3DContext.cpp">
      <Filter>Source Files</Filter>
    </ClCompile>
    <ClCompile Include="Context\ObjectEditor\3DAssetEditor.cpp">
      <Filter>Source Files</Filter>
    </ClCompile>
    <ClCompile Include="Context\ObjectEditor\Importer\Importer_Obj.cpp">
      <Filter>Source Files</Filter>
    </ClCompile>
    <ClCompile Include="graphics\Material.cpp">
      <Filter>Source Files</Filter>
    </ClCompile>
    <ClCompile Include="Render\FinalRenderPass.cpp">
      <Filter>Source Files</Filter>
    </ClCompile>
    <ClCompile Include="3DGameObject\GameEntity.cpp">
      <Filter>Source Files</Filter>
    </ClCompile>
    <ClCompile Include="GUI\GuiWindow.cpp">
      <Filter>Source Files</Filter>
    </ClCompile>
    <ClCompile Include="GUI\Layout\EmptySlot.cpp">
      <Filter>Source Files</Filter>
    </ClCompile>
    <ClCompile Include="Event\EventTarget.cpp">
      <Filter>Source Files</Filter>
    </ClCompile>
    <ClCompile Include="Terrain\Terrain.cpp">
      <Filter>Source Files</Filter>
    </ClCompile>
    <ClCompile Include="Context\TerrainEditor\TerrainEditor.cpp">
      <Filter>Source Files</Filter>
    </ClCompile>
    <ClCompile Include="GUI\Widget\BarButton.cpp">
      <Filter>Source Files</Filter>
    </ClCompile>
    <ClCompile Include="Terrain\TerrainCells.cpp">
      <Filter>Source Files</Filter>
    </ClCompile>
    <ClCompile Include="Terrain\Modeling\ControlPoint.cpp">
      <Filter>Source Files</Filter>
    </ClCompile>
    <ClCompile Include="Terrain\Modeling\TerrainCurve.cpp">
      <Filter>Source Files</Filter>
    </ClCompile>
    <ClCompile Include="Utilities\Axis.cpp">
      <Filter>Source Files</Filter>
    </ClCompile>
    <ClCompile Include="Utilities\MovableObject.cpp">
      <Filter>Source Files</Filter>
    </ClCompile>
  </ItemGroup>
</Project>